version: 5
environments:
  default:
    channels:
    - url: https://conda.anaconda.org/conda-forge/
    packages:
      linux-64:
      - conda: https://conda.anaconda.org/conda-forge/linux-64/_libgcc_mutex-0.1-conda_forge.tar.bz2
      - conda: https://conda.anaconda.org/conda-forge/linux-64/_openmp_mutex-4.5-2_gnu.tar.bz2
      - conda: https://conda.anaconda.org/conda-forge/linux-64/binutils_impl_linux-64-2.40-ha1999f0_7.conda
      - conda: https://conda.anaconda.org/conda-forge/linux-64/bzip2-1.0.8-hd590300_5.conda
      - conda: https://conda.anaconda.org/conda-forge/linux-64/ca-certificates-2024.6.2-hbcca054_0.conda
      - conda: https://conda.anaconda.org/conda-forge/linux-64/clang-18-18.1.8-default_h36b48a3_0.conda
      - conda: https://conda.anaconda.org/conda-forge/linux-64/clang-18.1.8-default_h9e3a008_0.conda
      - conda: https://conda.anaconda.org/conda-forge/linux-64/cppcheck-2.13.4-py312h266ab24_0.conda
      - conda: https://conda.anaconda.org/conda-forge/linux-64/gcc-13.2.0-hc7bed06_11.conda
      - conda: https://conda.anaconda.org/conda-forge/linux-64/gcc_impl_linux-64-13.2.0-h9eb54c0_11.conda
      - conda: https://conda.anaconda.org/conda-forge/linux-64/icu-73.2-h59595ed_0.conda
      - conda: https://conda.anaconda.org/conda-forge/noarch/kernel-headers_linux-64-2.6.32-he073ed8_17.conda
      - conda: https://conda.anaconda.org/conda-forge/linux-64/ld_impl_linux-64-2.40-hf3520f5_7.conda
      - conda: https://conda.anaconda.org/conda-forge/linux-64/libclang-cpp13-13.0.1-default_h7634d5b_6.conda
      - conda: https://conda.anaconda.org/conda-forge/linux-64/libclang-cpp18.1-18.1.8-default_h36b48a3_0.conda
      - conda: https://conda.anaconda.org/conda-forge/linux-64/libexpat-2.6.2-h59595ed_0.conda
      - conda: https://conda.anaconda.org/conda-forge/linux-64/libffi-3.4.2-h7f98852_5.tar.bz2
      - conda: https://conda.anaconda.org/conda-forge/noarch/libgcc-devel_linux-64-13.2.0-hdb50d1a_111.conda
      - conda: https://conda.anaconda.org/conda-forge/linux-64/libgcc-ng-13.2.0-h77fa898_11.conda
      - conda: https://conda.anaconda.org/conda-forge/linux-64/libgomp-13.2.0-h77fa898_11.conda
      - conda: https://conda.anaconda.org/conda-forge/linux-64/libiconv-1.17-hd590300_2.conda
      - conda: https://conda.anaconda.org/conda-forge/linux-64/libllvm13-13.0.1-hf817b99_2.tar.bz2
      - conda: https://conda.anaconda.org/conda-forge/linux-64/libllvm18-18.1.8-hc9dba70_0.conda
      - conda: https://conda.anaconda.org/conda-forge/linux-64/libnsl-2.0.1-hd590300_0.conda
      - conda: https://conda.anaconda.org/conda-forge/linux-64/libsanitizer-13.2.0-h6ddb7a1_11.conda
      - conda: https://conda.anaconda.org/conda-forge/linux-64/libsqlite-3.46.0-hde9e2c9_0.conda
      - conda: https://conda.anaconda.org/conda-forge/linux-64/libstdcxx-ng-13.2.0-hc0a3c3a_11.conda
      - conda: https://conda.anaconda.org/conda-forge/linux-64/libuuid-2.38.1-h0b41bf4_0.conda
      - conda: https://conda.anaconda.org/conda-forge/linux-64/libxcrypt-4.4.36-hd590300_1.conda
      - conda: https://conda.anaconda.org/conda-forge/linux-64/libxml2-2.12.7-hc051c1a_1.conda
      - conda: https://conda.anaconda.org/conda-forge/linux-64/libzlib-1.3.1-h4ab18f5_1.conda
      - conda: https://conda.anaconda.org/conda-forge/noarch/meson-1.4.1-pyhd8ed1ab_0.conda
      - conda: https://conda.anaconda.org/conda-forge/linux-64/ncurses-6.5-h59595ed_0.conda
      - conda: https://conda.anaconda.org/conda-forge/linux-64/ninja-1.11.1-h924138e_0.conda
      - conda: https://conda.anaconda.org/conda-forge/linux-64/openssl-3.3.1-h4ab18f5_0.conda
      - conda: https://conda.anaconda.org/conda-forge/linux-64/pcre-8.45-h9c3ff4c_0.tar.bz2
      - conda: https://conda.anaconda.org/conda-forge/noarch/pygments-2.18.0-pyhd8ed1ab_0.conda
      - conda: https://conda.anaconda.org/conda-forge/linux-64/python-3.12.4-h194c7f8_0_cpython.conda
      - conda: https://conda.anaconda.org/conda-forge/linux-64/python_abi-3.12-4_cp312.conda
      - conda: https://conda.anaconda.org/conda-forge/linux-64/ragel-6.10-hf484d3e_1002.tar.bz2
      - conda: https://conda.anaconda.org/conda-forge/linux-64/readline-8.2-h8228510_1.conda
      - conda: https://conda.anaconda.org/conda-forge/noarch/setuptools-70.1.0-pyhd8ed1ab_0.conda
      - conda: https://conda.anaconda.org/conda-forge/noarch/sysroot_linux-64-2.12-he073ed8_17.conda
      - conda: https://conda.anaconda.org/conda-forge/linux-64/tinyxml2-10.0.0-h59595ed_0.conda
      - conda: https://conda.anaconda.org/conda-forge/linux-64/tk-8.6.13-noxft_h4845f30_101.conda
      - conda: https://conda.anaconda.org/conda-forge/noarch/tzdata-2024a-h0c530f3_0.conda
      - conda: https://conda.anaconda.org/conda-forge/linux-64/xz-5.2.6-h166bdaf_0.tar.bz2
      - conda: https://conda.anaconda.org/conda-forge/linux-64/zig-0.9.1-h27087fc_0.tar.bz2
      - conda: https://conda.anaconda.org/conda-forge/linux-64/zstd-1.5.6-ha6fb4c9_0.conda
packages:
- kind: conda
  name: _libgcc_mutex
  version: '0.1'
  build: conda_forge
  subdir: linux-64
  url: https://conda.anaconda.org/conda-forge/linux-64/_libgcc_mutex-0.1-conda_forge.tar.bz2
  sha256: fe51de6107f9edc7aa4f786a70f4a883943bc9d39b3bb7307c04c41410990726
  md5: d7c89558ba9fa0495403155b64376d81
  license: None
  size: 2562
  timestamp: 1578324546067
- kind: conda
  name: _openmp_mutex
  version: '4.5'
  build: 2_gnu
  build_number: 16
  subdir: linux-64
  url: https://conda.anaconda.org/conda-forge/linux-64/_openmp_mutex-4.5-2_gnu.tar.bz2
  sha256: fbe2c5e56a653bebb982eda4876a9178aedfc2b545f25d0ce9c4c0b508253d22
  md5: 73aaf86a425cc6e73fcf236a5a46396d
  depends:
  - _libgcc_mutex 0.1 conda_forge
  - libgomp >=7.5.0
  constrains:
  - openmp_impl 9999
  license: BSD-3-Clause
  license_family: BSD
  size: 23621
  timestamp: 1650670423406
- kind: conda
  name: binutils_impl_linux-64
  version: '2.40'
  build: ha1999f0_7
  build_number: 7
  subdir: linux-64
  url: https://conda.anaconda.org/conda-forge/linux-64/binutils_impl_linux-64-2.40-ha1999f0_7.conda
  sha256: 230f3136d17fdcf0e6da3a3ae59118570bc18106d79dd29bf2f341338d2a42c4
  md5: 3f840c7ed70a96b5ebde8044b2f36f32
  depends:
  - ld_impl_linux-64 2.40 hf3520f5_7
  - sysroot_linux-64
  license: GPL-3.0-only
  license_family: GPL
  size: 6250821
  timestamp: 1718625666382
- kind: conda
  name: bzip2
  version: 1.0.8
  build: hd590300_5
  build_number: 5
  subdir: linux-64
  url: https://conda.anaconda.org/conda-forge/linux-64/bzip2-1.0.8-hd590300_5.conda
  sha256: 242c0c324507ee172c0e0dd2045814e746bb303d1eb78870d182ceb0abc726a8
  md5: 69b8b6202a07720f448be700e300ccf4
  depends:
  - libgcc-ng >=12
  license: bzip2-1.0.6
  license_family: BSD
  size: 254228
  timestamp: 1699279927352
- kind: conda
  name: ca-certificates
  version: 2024.6.2
  build: hbcca054_0
  subdir: linux-64
  url: https://conda.anaconda.org/conda-forge/linux-64/ca-certificates-2024.6.2-hbcca054_0.conda
  sha256: 979af0932b2a5a26112044891a2d79e402e5ae8166f50fa48b8ebae47c0a2d65
  md5: 847c3c2905cc467cea52c24f9cfa8080
  license: ISC
  size: 156035
  timestamp: 1717311767102
- kind: conda
  name: clang
  version: 18.1.8
  build: default_h9e3a008_0
  subdir: linux-64
  url: https://conda.anaconda.org/conda-forge/linux-64/clang-18.1.8-default_h9e3a008_0.conda
  sha256: 7afc68c7b0c9f3bafddc9e4c4399ea6e29172f687af4e82d48e576749e4ca3d4
  md5: fe74528b1a4a8fa6159431d1e0a2d382
  depends:
  - binutils_impl_linux-64
  - clang-18 18.1.8 default_h36b48a3_0
  - libgcc-devel_linux-64
  - sysroot_linux-64
  constrains:
  - clang-tools 18.1.8.*
  - llvm 18.1.8.*
  - llvm-tools 18.1.8.*
  - llvmdev 18.1.8.*
  license: Apache-2.0 WITH LLVM-exception
  license_family: Apache
  size: 22571
  timestamp: 1718868927635
- kind: conda
  name: clang-18
  version: 18.1.8
  build: default_h36b48a3_0
  subdir: linux-64
  url: https://conda.anaconda.org/conda-forge/linux-64/clang-18-18.1.8-default_h36b48a3_0.conda
  sha256: a67b8f437e1f3e3e604a523c95b27ea60c52d2df8327f942d7239084f4adc869
  md5: 9825919d9c7007052bd55fb512f52315
  depends:
  - libclang-cpp18.1 18.1.8 default_h36b48a3_0
  - libgcc-ng >=12
  - libllvm18 >=18.1.8,<18.2.0a0
  - libstdcxx-ng >=12
  constrains:
  - clang-tools 18.1.8
  - clangxx 18.1.8
  - llvm-tools 18.1.8
  - clangdev 18.1.8
  license: Apache-2.0 WITH LLVM-exception
  license_family: Apache
  size: 774406
  timestamp: 1718868802280
- kind: conda
  name: cppcheck
  version: 2.13.4
  build: py312h266ab24_0
  subdir: linux-64
  url: https://conda.anaconda.org/conda-forge/linux-64/cppcheck-2.13.4-py312h266ab24_0.conda
  sha256: 5e448dd24cf4346d22b5ca64b6f29ec8972836d01fa168020c19406d51ad8f71
  md5: c77607d2a2b923236b635ebac508abdb
  depends:
  - libgcc-ng >=12
  - libstdcxx-ng >=12
  - pcre >=8.45,<9.0a0
  - pygments
  - python >=3.12,<3.13.0a0
  - python_abi 3.12.* *_cp312
  - tinyxml2 >=10.0.0,<11.0a0
  license: GPL-3.0-or-later
  license_family: GPL
  size: 2562975
  timestamp: 1712228299439
- kind: conda
  name: gcc
  version: 13.2.0
  build: hc7bed06_11
  build_number: 11
  subdir: linux-64
  url: https://conda.anaconda.org/conda-forge/linux-64/gcc-13.2.0-hc7bed06_11.conda
  sha256: 97159ee1885dfbd538e39fe2d659ebcb32a3025f9368d4b56fda057d3d2203f7
  md5: af15e113c65619887dcabd64d40a7897
  depends:
  - gcc_impl_linux-64 13.2.0.*
  license: BSD-3-Clause
  license_family: BSD
  size: 50419
  timestamp: 1718867258373
- kind: conda
  name: gcc_impl_linux-64
  version: 13.2.0
  build: h9eb54c0_11
  build_number: 11
  subdir: linux-64
  url: https://conda.anaconda.org/conda-forge/linux-64/gcc_impl_linux-64-13.2.0-h9eb54c0_11.conda
  sha256: cb6cf61c42ac08596d97c34aeddb38ccda66aca55341e3e26fede00039c7fd54
  md5: 6ba78509a489a8a7882328468f187cc9
  depends:
  - binutils_impl_linux-64 >=2.40
  - libgcc-devel_linux-64 13.2.0 hdb50d1a_111
  - libgcc-ng >=13.2.0
  - libgomp >=13.2.0
  - libsanitizer 13.2.0 h6ddb7a1_11
  - libstdcxx-ng >=13.2.0
  - sysroot_linux-64
  license: GPL-3.0-only WITH GCC-exception-3.1
  license_family: GPL
  size: 69801784
  timestamp: 1718867109136
- kind: conda
  name: icu
  version: '73.2'
  build: h59595ed_0
  subdir: linux-64
  url: https://conda.anaconda.org/conda-forge/linux-64/icu-73.2-h59595ed_0.conda
  sha256: e12fd90ef6601da2875ebc432452590bc82a893041473bc1c13ef29001a73ea8
  md5: cc47e1facc155f91abd89b11e48e72ff
  depends:
  - libgcc-ng >=12
  - libstdcxx-ng >=12
  license: MIT
  license_family: MIT
  size: 12089150
  timestamp: 1692900650789
- kind: conda
  name: kernel-headers_linux-64
  version: 2.6.32
  build: he073ed8_17
  build_number: 17
  subdir: noarch
  noarch: generic
  url: https://conda.anaconda.org/conda-forge/noarch/kernel-headers_linux-64-2.6.32-he073ed8_17.conda
  sha256: fb39d64b48f3d9d1acc3df208911a41f25b6a00bd54935d5973b4739a9edd5b6
  md5: d731b543793afc0433c4fd593e693fce
  constrains:
  - sysroot_linux-64 ==2.12
  license: LGPL-2.0-or-later AND LGPL-2.0-or-later WITH exceptions AND GPL-2.0-or-later AND MPL-2.0
  license_family: GPL
  size: 710627
  timestamp: 1708000830116
- kind: conda
  name: ld_impl_linux-64
  version: '2.40'
  build: hf3520f5_7
  build_number: 7
  subdir: linux-64
  url: https://conda.anaconda.org/conda-forge/linux-64/ld_impl_linux-64-2.40-hf3520f5_7.conda
  sha256: 764b6950aceaaad0c67ef925417594dd14cd2e22fff864aeef455ac259263d15
  md5: b80f2f396ca2c28b8c14c437a4ed1e74
  constrains:
  - binutils_impl_linux-64 2.40
  license: GPL-3.0-only
  license_family: GPL
  size: 707602
  timestamp: 1718625640445
- kind: conda
  name: libclang-cpp13
  version: 13.0.1
  build: default_h7634d5b_6
  build_number: 6
  subdir: linux-64
  url: https://conda.anaconda.org/conda-forge/linux-64/libclang-cpp13-13.0.1-default_h7634d5b_6.conda
  sha256: 589d4c393d92f941009a736c1b461f2841fb24d2a1391faede5e9abedfee7c8f
  md5: 96af37a01c2ac5c597ea04d98aef3d47
  depends:
  - libgcc-ng >=12
  - libllvm13 >=13.0.1,<13.1.0a0
  - libstdcxx-ng >=12
  - libzlib >=1.2.13,<2.0.0a0
  license: Apache-2.0 WITH LLVM-exception
  license_family: Apache
  size: 16534244
  timestamp: 1707152676021
- kind: conda
  name: libclang-cpp18.1
  version: 18.1.8
  build: default_h36b48a3_0
  subdir: linux-64
  url: https://conda.anaconda.org/conda-forge/linux-64/libclang-cpp18.1-18.1.8-default_h36b48a3_0.conda
  sha256: dc64e52a2def8a63de24fb1fd2ca53eb3be75929414c4b9524f33983f58577b9
  md5: 210a1050c7be3b681d906a2549489fef
  depends:
  - libgcc-ng >=12
  - libllvm18 >=18.1.8,<18.2.0a0
  - libstdcxx-ng >=12
  license: Apache-2.0 WITH LLVM-exception
  license_family: Apache
  size: 19256247
  timestamp: 1718868675213
- kind: conda
  name: libexpat
  version: 2.6.2
  build: h59595ed_0
  subdir: linux-64
  url: https://conda.anaconda.org/conda-forge/linux-64/libexpat-2.6.2-h59595ed_0.conda
  sha256: 331bb7c7c05025343ebd79f86ae612b9e1e74d2687b8f3179faec234f986ce19
  md5: e7ba12deb7020dd080c6c70e7b6f6a3d
  depends:
  - libgcc-ng >=12
  constrains:
  - expat 2.6.2.*
  license: MIT
  license_family: MIT
  size: 73730
  timestamp: 1710362120304
- kind: conda
  name: libffi
  version: 3.4.2
  build: h7f98852_5
  build_number: 5
  subdir: linux-64
  url: https://conda.anaconda.org/conda-forge/linux-64/libffi-3.4.2-h7f98852_5.tar.bz2
  sha256: ab6e9856c21709b7b517e940ae7028ae0737546122f83c2aa5d692860c3b149e
  md5: d645c6d2ac96843a2bfaccd2d62b3ac3
  depends:
  - libgcc-ng >=9.4.0
  license: MIT
  license_family: MIT
  size: 58292
  timestamp: 1636488182923
- kind: conda
  name: libgcc-devel_linux-64
  version: 13.2.0
  build: hdb50d1a_111
  build_number: 111
  subdir: noarch
  noarch: generic
  url: https://conda.anaconda.org/conda-forge/noarch/libgcc-devel_linux-64-13.2.0-hdb50d1a_111.conda
  sha256: e6d56c331b84d8cd6430448d376032bc18a44f890af31d9291e49f7601d34f14
  md5: 43178c27fac2dcd495bd9e58e18272d9
  depends:
  - __unix
  license: GPL-3.0-only WITH GCC-exception-3.1
  license_family: GPL
  size: 2598938
  timestamp: 1718866909691
- kind: conda
  name: libgcc-ng
  version: 13.2.0
  build: h77fa898_11
  build_number: 11
  subdir: linux-64
  url: https://conda.anaconda.org/conda-forge/linux-64/libgcc-ng-13.2.0-h77fa898_11.conda
  sha256: bbdd49b5a191105cf4bf82a59d611afa1e8568efa556dd988e4e5d0efc3058b1
  md5: 0b3b218a596bb4c3854cc9ee799f94e5
  depends:
  - _libgcc_mutex 0.1 conda_forge
  - _openmp_mutex >=4.5
  constrains:
  - libgomp 13.2.0 h77fa898_11
  license: GPL-3.0-only WITH GCC-exception-3.1
  license_family: GPL
  size: 796010
  timestamp: 1718867009281
- kind: conda
  name: libgomp
  version: 13.2.0
  build: h77fa898_11
  build_number: 11
  subdir: linux-64
  url: https://conda.anaconda.org/conda-forge/linux-64/libgomp-13.2.0-h77fa898_11.conda
  sha256: f4112111fa350bcd8d6d354cdde3426751a579add88fa523f6483c714821e681
  md5: 8c462ced2af33648195dc9459f331f31
  depends:
  - _libgcc_mutex 0.1 conda_forge
  license: GPL-3.0-only WITH GCC-exception-3.1
  license_family: GPL
  size: 444606
  timestamp: 1718866940233
- kind: conda
  name: libiconv
  version: '1.17'
  build: hd590300_2
  build_number: 2
  subdir: linux-64
  url: https://conda.anaconda.org/conda-forge/linux-64/libiconv-1.17-hd590300_2.conda
  sha256: 8ac2f6a9f186e76539439e50505d98581472fedb347a20e7d1f36429849f05c9
  md5: d66573916ffcf376178462f1b61c941e
  depends:
  - libgcc-ng >=12
  license: LGPL-2.1-only
  size: 705775
  timestamp: 1702682170569
- kind: conda
  name: libllvm13
  version: 13.0.1
  build: hf817b99_2
  build_number: 2
  subdir: linux-64
  url: https://conda.anaconda.org/conda-forge/linux-64/libllvm13-13.0.1-hf817b99_2.tar.bz2
  sha256: 3ea3734d75265e4ad86b4e4a30b9cae9866f831556228514915708fe233b5c2a
  md5: 47da3ce0d8b2e65ccb226c186dd91eba
  depends:
  - libgcc-ng >=9.4.0
  - libstdcxx-ng >=9.4.0
  - libzlib >=1.2.11,<2.0.0a0
  license: Apache-2.0 WITH LLVM-exception
  license_family: Apache
  size: 35205038
  timestamp: 1645604533984
- kind: conda
  name: libllvm18
  version: 18.1.8
  build: hc9dba70_0
  subdir: linux-64
  url: https://conda.anaconda.org/conda-forge/linux-64/libllvm18-18.1.8-hc9dba70_0.conda
  sha256: e29a5f79a746f33a73fe540ae46eaaf8bbb64abceeb9f056347d9f2112b8e799
  md5: f94ed0c5953c78dcca7adb953f4c5bfb
  depends:
  - libgcc-ng >=12
  - libstdcxx-ng >=12
  - libxml2 >=2.12.7,<3.0a0
  - libzlib >=1.3.1,<2.0a0
  - zstd >=1.5.6,<1.6.0a0
  license: Apache-2.0 WITH LLVM-exception
  license_family: Apache
  size: 38397164
  timestamp: 1718831290770
- kind: conda
  name: libnsl
  version: 2.0.1
  build: hd590300_0
  subdir: linux-64
  url: https://conda.anaconda.org/conda-forge/linux-64/libnsl-2.0.1-hd590300_0.conda
  sha256: 26d77a3bb4dceeedc2a41bd688564fe71bf2d149fdcf117049970bc02ff1add6
  md5: 30fd6e37fe21f86f4bd26d6ee73eeec7
  depends:
  - libgcc-ng >=12
  license: LGPL-2.1-only
  license_family: GPL
  size: 33408
  timestamp: 1697359010159
- kind: conda
  name: libsanitizer
  version: 13.2.0
  build: h6ddb7a1_11
  build_number: 11
  subdir: linux-64
  url: https://conda.anaconda.org/conda-forge/linux-64/libsanitizer-13.2.0-h6ddb7a1_11.conda
  sha256: 2ea226e964e072385d6371e3d250901e98703fef6c9377a93a3cc87de8b0362f
  md5: 3227eb98475de9cb375391aa28b931d5
  depends:
  - libgcc-ng >=13.2.0
  - libstdcxx-ng >=13.2.0
  license: GPL-3.0-only WITH GCC-exception-3.1
  license_family: GPL
  size: 4160927
  timestamp: 1718867052529
- kind: conda
  name: libsqlite
  version: 3.46.0
  build: hde9e2c9_0
  subdir: linux-64
  url: https://conda.anaconda.org/conda-forge/linux-64/libsqlite-3.46.0-hde9e2c9_0.conda
  sha256: daee3f68786231dad457d0dfde3f7f1f9a7f2018adabdbb864226775101341a8
  md5: 18aa975d2094c34aef978060ae7da7d8
  depends:
  - libgcc-ng >=12
  - libzlib >=1.2.13,<2.0a0
  license: Unlicense
  size: 865346
  timestamp: 1718050628718
- kind: conda
  name: libstdcxx-ng
  version: 13.2.0
  build: hc0a3c3a_11
  build_number: 11
  subdir: linux-64
  url: https://conda.anaconda.org/conda-forge/linux-64/libstdcxx-ng-13.2.0-hc0a3c3a_11.conda
  sha256: e03f0f2712f45a85234016bcc5afa76023e31e00a2e74d8819a1b3bdf091fdb0
  md5: eaa8ea74083fb4a78ae19e431e556003
  depends:
  - libgcc-ng 13.2.0 h77fa898_11
  license: GPL-3.0-only WITH GCC-exception-3.1
  license_family: GPL
  size: 3874046
  timestamp: 1718867032452
- kind: conda
  name: libuuid
  version: 2.38.1
  build: h0b41bf4_0
  subdir: linux-64
  url: https://conda.anaconda.org/conda-forge/linux-64/libuuid-2.38.1-h0b41bf4_0.conda
  sha256: 787eb542f055a2b3de553614b25f09eefb0a0931b0c87dbcce6efdfd92f04f18
  md5: 40b61aab5c7ba9ff276c41cfffe6b80b
  depends:
  - libgcc-ng >=12
  license: BSD-3-Clause
  license_family: BSD
  size: 33601
  timestamp: 1680112270483
- kind: conda
  name: libxcrypt
  version: 4.4.36
  build: hd590300_1
  build_number: 1
  subdir: linux-64
  url: https://conda.anaconda.org/conda-forge/linux-64/libxcrypt-4.4.36-hd590300_1.conda
  sha256: 6ae68e0b86423ef188196fff6207ed0c8195dd84273cb5623b85aa08033a410c
  md5: 5aa797f8787fe7a17d1b0821485b5adc
  depends:
  - libgcc-ng >=12
  license: LGPL-2.1-or-later
  size: 100393
  timestamp: 1702724383534
- kind: conda
  name: libxml2
  version: 2.12.7
  build: hc051c1a_1
  build_number: 1
  subdir: linux-64
  url: https://conda.anaconda.org/conda-forge/linux-64/libxml2-2.12.7-hc051c1a_1.conda
  sha256: 576ea9134176636283ff052897bf7a91ffd8ac35b2c505dfde2890ec52849698
  md5: 340278ded8b0dc3a73f3660bbb0adbc6
  depends:
  - icu >=73.2,<74.0a0
  - libgcc-ng >=12
  - libiconv >=1.17,<2.0a0
  - libzlib >=1.2.13,<2.0a0
  - xz >=5.2.6,<6.0a0
  license: MIT
  license_family: MIT
  size: 704984
  timestamp: 1717546454837
- kind: conda
  name: libzlib
  version: 1.3.1
  build: h4ab18f5_1
  build_number: 1
  subdir: linux-64
  url: https://conda.anaconda.org/conda-forge/linux-64/libzlib-1.3.1-h4ab18f5_1.conda
  sha256: adf6096f98b537a11ae3729eaa642b0811478f0ea0402ca67b5108fe2cb0010d
  md5: 57d7dc60e9325e3de37ff8dffd18e814
  depends:
  - libgcc-ng >=12
  constrains:
  - zlib 1.3.1 *_1
  license: Zlib
  license_family: Other
  size: 61574
  timestamp: 1716874187109
- kind: conda
  name: meson
  version: 1.4.1
  build: pyhd8ed1ab_0
  subdir: noarch
  noarch: python
  url: https://conda.anaconda.org/conda-forge/noarch/meson-1.4.1-pyhd8ed1ab_0.conda
  sha256: 5ab032951fef32a24fab0dc292e3502f3df9b373f046b3f602cbe4de2314089e
  md5: 714ca123839eeebb25d12b443067ea64
  depends:
  - ninja >=1.8.2
  - python >=3.7
  - setuptools
  license: Apache-2.0
  license_family: APACHE
  size: 635695
  timestamp: 1718522686707
- kind: conda
  name: ncurses
  version: '6.5'
  build: h59595ed_0
  subdir: linux-64
  url: https://conda.anaconda.org/conda-forge/linux-64/ncurses-6.5-h59595ed_0.conda
  sha256: 4fc3b384f4072b68853a0013ea83bdfd3d66b0126e2238e1d6e1560747aa7586
  md5: fcea371545eda051b6deafb24889fc69
  depends:
  - libgcc-ng >=12
  license: X11 AND BSD-3-Clause
  size: 887465
  timestamp: 1715194722503
- kind: conda
  name: ninja
  version: 1.11.1
  build: h924138e_0
  subdir: linux-64
  url: https://conda.anaconda.org/conda-forge/linux-64/ninja-1.11.1-h924138e_0.conda
  sha256: b555247ac8859b4ff311e3d708a0640f1bfe9fae7125c485b444072474a84c41
  md5: 73a4953a2d9c115bdc10ff30a52f675f
  depends:
  - libgcc-ng >=12
  - libstdcxx-ng >=12
  license: Apache-2.0
  license_family: Apache
  size: 2251263
  timestamp: 1676837602636
- kind: conda
  name: openssl
  version: 3.3.1
  build: h4ab18f5_0
  subdir: linux-64
  url: https://conda.anaconda.org/conda-forge/linux-64/openssl-3.3.1-h4ab18f5_0.conda
  sha256: 9691f8bd6394c5bb0b8d2f47cd1467b91bd5b1df923b69e6b517f54496ee4b50
  md5: a41fa0e391cc9e0d6b78ac69ca047a6c
  depends:
  - ca-certificates
  - libgcc-ng >=12
  constrains:
  - pyopenssl >=22.1
  license: Apache-2.0
  license_family: Apache
  size: 2896170
  timestamp: 1717546157673
- kind: conda
  name: pcre
  version: '8.45'
  build: h9c3ff4c_0
  subdir: linux-64
  url: https://conda.anaconda.org/conda-forge/linux-64/pcre-8.45-h9c3ff4c_0.tar.bz2
  sha256: 8f35c244b1631a4f31fb1d66ab6e1d9bfac0ca9b679deced1112c7225b3ad138
  md5: c05d1820a6d34ff07aaaab7a9b7eddaa
  depends:
  - libgcc-ng >=9.3.0
  - libstdcxx-ng >=9.3.0
  license: BSD-3-Clause
  license_family: BSD
  size: 259377
  timestamp: 1623788789327
- kind: conda
  name: pygments
  version: 2.18.0
  build: pyhd8ed1ab_0
  subdir: noarch
  noarch: python
  url: https://conda.anaconda.org/conda-forge/noarch/pygments-2.18.0-pyhd8ed1ab_0.conda
  sha256: 78267adf4e76d0d64ea2ffab008c501156c108bb08fecb703816fb63e279780b
  md5: b7f5c092b8f9800150d998a71b76d5a1
  depends:
  - python >=3.8
  license: BSD-2-Clause
  license_family: BSD
  size: 879295
  timestamp: 1714846885370
- kind: conda
  name: python
  version: 3.12.4
  build: h194c7f8_0_cpython
  subdir: linux-64
  url: https://conda.anaconda.org/conda-forge/linux-64/python-3.12.4-h194c7f8_0_cpython.conda
  sha256: 97a78631e6c928bf7ad78d52f7f070fcf3bd37619fa48dc4394c21cf3058cdee
  md5: d73490214f536cccb5819e9873048c92
  depends:
  - bzip2 >=1.0.8,<2.0a0
  - ld_impl_linux-64 >=2.36.1
  - libexpat >=2.6.2,<3.0a0
  - libffi >=3.4,<4.0a0
  - libgcc-ng >=12
  - libnsl >=2.0.1,<2.1.0a0
  - libsqlite >=3.46.0,<4.0a0
  - libuuid >=2.38.1,<3.0a0
  - libxcrypt >=4.4.36
  - libzlib >=1.3.1,<2.0a0
  - ncurses >=6.5,<7.0a0
  - openssl >=3.3.1,<4.0a0
  - readline >=8.2,<9.0a0
  - tk >=8.6.13,<8.7.0a0
  - tzdata
  - xz >=5.2.6,<6.0a0
  constrains:
  - python_abi 3.12.* *_cp312
  license: Python-2.0
  size: 32073625
  timestamp: 1718621771849
- kind: conda
  name: python_abi
  version: '3.12'
  build: 4_cp312
  build_number: 4
  subdir: linux-64
  url: https://conda.anaconda.org/conda-forge/linux-64/python_abi-3.12-4_cp312.conda
  sha256: 182a329de10a4165f6e8a3804caf751f918f6ea6176dd4e5abcdae1ed3095bf6
  md5: dccc2d142812964fcc6abdc97b672dff
  constrains:
  - python 3.12.* *_cpython
  license: BSD-3-Clause
  license_family: BSD
  size: 6385
  timestamp: 1695147396604
- kind: conda
  name: ragel
  version: '6.10'
  build: hf484d3e_1002
  build_number: 1002
  subdir: linux-64
  url: https://conda.anaconda.org/conda-forge/linux-64/ragel-6.10-hf484d3e_1002.tar.bz2
  sha256: c73baafa3d80bdca35a8a6d9fc2ec9ae4865bb883821b3ae55febd0b2cf461e4
  md5: 22152cee39ab017092e47c730379b987
  depends:
  - libgcc-ng >=7.3.0
  - libstdcxx-ng >=7.3.0
  license: GPLv2
  size: 690854
  timestamp: 1537061072954
- kind: conda
  name: readline
  version: '8.2'
  build: h8228510_1
  build_number: 1
  subdir: linux-64
  url: https://conda.anaconda.org/conda-forge/linux-64/readline-8.2-h8228510_1.conda
  sha256: 5435cf39d039387fbdc977b0a762357ea909a7694d9528ab40f005e9208744d7
  md5: 47d31b792659ce70f470b5c82fdfb7a4
  depends:
  - libgcc-ng >=12
  - ncurses >=6.3,<7.0a0
  license: GPL-3.0-only
  license_family: GPL
  size: 281456
  timestamp: 1679532220005
- kind: conda
  name: setuptools
  version: 70.1.0
  build: pyhd8ed1ab_0
  subdir: noarch
  noarch: python
  url: https://conda.anaconda.org/conda-forge/noarch/setuptools-70.1.0-pyhd8ed1ab_0.conda
  sha256: a43d33436f4ac57ebd6ee15f700b33b26a2d37b7e43981b1fa036908579dafd6
  md5: 258e66f95f814d51ada2a1fe9274039b
  depends:
  - python >=3.8
  license: MIT
  license_family: MIT
  size: 495951
  timestamp: 1718881009207
- kind: conda
  name: sysroot_linux-64
  version: '2.12'
  build: he073ed8_17
  build_number: 17
  subdir: noarch
  noarch: generic
  url: https://conda.anaconda.org/conda-forge/noarch/sysroot_linux-64-2.12-he073ed8_17.conda
  sha256: b4e4d685e41cb36cfb16f0cb15d2c61f8f94f56fab38987a44eff95d8a673fb5
  md5: 595db67e32b276298ff3d94d07d47fbf
  depends:
  - kernel-headers_linux-64 2.6.32 he073ed8_17
  license: LGPL-2.0-or-later AND LGPL-2.0-or-later WITH exceptions AND GPL-2.0-or-later AND MPL-2.0
  license_family: GPL
  size: 15127123
  timestamp: 1708000843849
- kind: conda
  name: tinyxml2
  version: 10.0.0
  build: h59595ed_0
  subdir: linux-64
  url: https://conda.anaconda.org/conda-forge/linux-64/tinyxml2-10.0.0-h59595ed_0.conda
  sha256: e89306d01999f629a329ddb2e2ca9b8fbfe7c483d13f9805f0c6891a24a6e9c8
  md5: 5e27e4a780264caed4be372ded70a9e9
  depends:
  - libgcc-ng >=12
  - libstdcxx-ng >=12
  license: Zlib
  size: 120640
  timestamp: 1704495493222
- kind: conda
  name: tk
  version: 8.6.13
  build: noxft_h4845f30_101
  build_number: 101
  subdir: linux-64
  url: https://conda.anaconda.org/conda-forge/linux-64/tk-8.6.13-noxft_h4845f30_101.conda
  sha256: e0569c9caa68bf476bead1bed3d79650bb080b532c64a4af7d8ca286c08dea4e
  md5: d453b98d9c83e71da0741bb0ff4d76bc
  depends:
  - libgcc-ng >=12
  - libzlib >=1.2.13,<2.0.0a0
  license: TCL
  license_family: BSD
  size: 3318875
  timestamp: 1699202167581
- kind: conda
  name: tzdata
  version: 2024a
  build: h0c530f3_0
  subdir: noarch
  noarch: generic
  url: https://conda.anaconda.org/conda-forge/noarch/tzdata-2024a-h0c530f3_0.conda
  sha256: 7b2b69c54ec62a243eb6fba2391b5e443421608c3ae5dbff938ad33ca8db5122
  md5: 161081fc7cec0bfda0d86d7cb595f8d8
  license: LicenseRef-Public-Domain
  size: 119815
  timestamp: 1706886945727
- kind: conda
  name: xz
  version: 5.2.6
  build: h166bdaf_0
  subdir: linux-64
  url: https://conda.anaconda.org/conda-forge/linux-64/xz-5.2.6-h166bdaf_0.tar.bz2
  sha256: 03a6d28ded42af8a347345f82f3eebdd6807a08526d47899a42d62d319609162
  md5: 2161070d867d1b1204ea749c8eec4ef0
  depends:
  - libgcc-ng >=12
  license: LGPL-2.1 and GPL-2.0
  size: 418368
  timestamp: 1660346797927
- kind: conda
  name: zig
  version: 0.9.1
  build: h27087fc_0
  subdir: linux-64
  url: https://conda.anaconda.org/conda-forge/linux-64/zig-0.9.1-h27087fc_0.tar.bz2
  sha256: 28a709b6ec5e95d530e8c7762ea29a2447bee947093a33df742c7d7aeb1edf90
  md5: 081db4b7454774c4d3b349c367ba5ece
  depends:
  - __glibc >=2.17,<3.0.a0
  - libclang-cpp13 >=13.0.1,<13.1.0a0
  - libgcc-ng >=10.3.0
  - libllvm13 >=13.0.1,<13.1.0a0
  - libstdcxx-ng >=10.3.0
  license: MIT
  license_family: MIT
  size: 19705807
  timestamp: 1646345704569
- kind: conda
  name: zstd
  version: 1.5.6
  build: ha6fb4c9_0
  subdir: linux-64
  url: https://conda.anaconda.org/conda-forge/linux-64/zstd-1.5.6-ha6fb4c9_0.conda
  sha256: c558b9cc01d9c1444031bd1ce4b9cff86f9085765f17627a6cd85fc623c8a02b
  md5: 4d056880988120e29d75bfff282e0f45
  depends:
  - libgcc-ng >=12
  - libstdcxx-ng >=12
  - libzlib >=1.2.13,<2.0.0a0
  license: BSD-3-Clause
  license_family: BSD
  size: 554846
  timestamp: 1714722996770
